{
  "name": "workshop",
  "version": "1.0.0",
  "lockfileVersion": 1,
  "requires": true,
  "dependencies": {
    "Leaflet.TileLayer.MBTiles": {
      "version": "1.0.0",
      "resolved": "https://registry.npmjs.org/Leaflet.TileLayer.MBTiles/-/Leaflet.TileLayer.MBTiles-1.0.0.tgz",
      "integrity": "sha1-L0OOaSqgpdkEs/tgsbfdVKTYrHE="
    },
    "immediate": {
      "version": "3.0.6",
      "resolved": "https://registry.npmjs.org/immediate/-/immediate-3.0.6.tgz",
      "integrity": "sha1-nbHb0Pr43m++D13V5Wu2BigN5ps="
    },
    "leaflet": {
      "version": "1.6.0",
      "resolved": "https://registry.npmjs.org/leaflet/-/leaflet-1.6.0.tgz",
      "integrity": "sha512-CPkhyqWUKZKFJ6K8umN5/D2wrJ2+/8UIpXppY7QDnUZW5bZL5+SEI2J7GBpwh4LIupOKqbNSQXgqmrEJopHVNQ=="
    },
    "leaflet.offline": {
      "version": "1.0.6",
      "resolved": "https://registry.npmjs.org/leaflet.offline/-/leaflet.offline-1.0.6.tgz",
      "integrity": "sha512-UmVPXvlEqZk1bkYy8XGLA5BiIA0IAWrn3x6XVZm2mxzvGff8yKxt2tTUaq7f+aNiBzMzFR1nXo8Ew8fWNLmeHQ==",
      "requires": {
        "leaflet": "^1.5.1",
        "localforage": "^1.7.3"
      }
    },
    "lie": {
      "version": "3.1.1",
      "resolved": "https://registry.npmjs.org/lie/-/lie-3.1.1.tgz",
      "integrity": "sha1-mkNrLMd0bKWd56QfpGmz77dr2H4=",
      "requires": {
        "immediate": "~3.0.5"
      }
    },
    "localforage": {
      "version": "1.7.3",
      "resolved": "https://registry.npmjs.org/localforage/-/localforage-1.7.3.tgz",
      "integrity": "sha512-1TulyYfc4udS7ECSBT2vwJksWbkwwTX8BzeUIiq8Y07Riy7bDAAnxDaPU/tWyOVmQAcWJIEIFP9lPfBGqVoPgQ==",
      "requires": {
        "lie": "3.1.1"
      }
    }
  }
}
